
Microsoft Visual Studio Solution File, Format Version 12.00
# Visual Studio Version 17
VisualStudioVersion = 17.6.33829.357
MinimumVisualStudioVersion = 10.0.40219.1
Project("{2150E333-8FDC-42A3-9474-1A3956D46DE8}") = "src", "src", "{893FB165-4220-4B5D-BFBF-6085882017C8}"
EndProject
Project("{2150E333-8FDC-42A3-9474-1A3956D46DE8}") = "tests", "tests", "{9455D96A-054D-46C0-AECC-27C10DF65793}"
EndProject
Project("{9A19103F-16F7-4668-BE54-9A1E7A4F7556}") = "Example.EventDriven.UnitTests", "tests\Example.EventDriven.UnitTests\Example.EventDriven.UnitTests.csproj", "{DB77682E-A189-47D7-9ECE-3897818FF294}"
EndProject
Project("{2150E333-8FDC-42A3-9474-1A3956D46DE8}") = "api", "api", "{2F9C9426-92B8-4D3F-BC70-B4443D15C3DB}"
EndProject
Project("{2150E333-8FDC-42A3-9474-1A3956D46DE8}") = "shared", "shared", "{CB83423E-24B9-4F7B-95D1-45CAE095A222}"
EndProject
Project("{2150E333-8FDC-42A3-9474-1A3956D46DE8}") = "workers", "workers", "{24B5A3E2-AC70-4FBD-BBD4-CCA294DCCA07}"
EndProject
Project("{9A19103F-16F7-4668-BE54-9A1E7A4F7556}") = "Example.EventDriven.API", "src\api\Example.EventDriven.API\Example.EventDriven.API.csproj", "{80B1114C-0338-4FF5-BD54-0AA0C18CB26E}"
EndProject
Project("{9A19103F-16F7-4668-BE54-9A1E7A4F7556}") = "Example.EventDriven.Application", "src\shared\Example.EventDriven.Application\Example.EventDriven.Application.csproj", "{C6357DB0-ABAC-48DC-A45B-28AE2FC1F3DD}"
EndProject
Project("{9A19103F-16F7-4668-BE54-9A1E7A4F7556}") = "Example.EventDriven.Domain", "src\shared\Example.EventDriven.Domain\Example.EventDriven.Domain.csproj", "{72955FB0-396B-4BF6-A155-95550C2D36F5}"
EndProject
Project("{9A19103F-16F7-4668-BE54-9A1E7A4F7556}") = "Example.EventDriven.Infrastructure", "src\shared\Example.EventDriven.Infrastructure\Example.EventDriven.Infrastructure.csproj", "{13148F03-8221-4656-915E-69679D5CBB72}"
EndProject
Project("{9A19103F-16F7-4668-BE54-9A1E7A4F7556}") = "Example.EventDriven.ExecuteProcess.Worker", "src\workers\Example.EventDriven.ExecuteProcess.Worker\Example.EventDriven.ExecuteProcess.Worker.csproj", "{B85747DE-4B41-4929-A8D5-3E73777632C3}"
EndProject
Project("{9A19103F-16F7-4668-BE54-9A1E7A4F7556}") = "Example.EventDriven.CreateProcess.Worker", "src\workers\Example.EventDriven.CreateProcess.Worker\Example.EventDriven.CreateProcess.Worker.csproj", "{5A1D5F8D-9149-4A1C-AEF3-25BAF7E1A440}"
EndProject
Project("{9A19103F-16F7-4668-BE54-9A1E7A4F7556}") = "Example.EventDriven.IntegrationTests", "tests\Example.EventDriven.IntegrationTests\Example.EventDriven.IntegrationTests.csproj", "{B73BB126-7A49-43AA-BD4C-E30EF1517061}"
EndProject
Project("{2150E333-8FDC-42A3-9474-1A3956D46DE8}") = "docs", "docs", "{0FB0073A-B0A2-48CF-9C3B-27E9DA226B31}"
	ProjectSection(SolutionItems) = preProject
		LICENSE = LICENSE
		README.md = README.md
	EndProjectSection
EndProject
Project("{FAE04EC0-301F-11D3-BF4B-00C04F79EFBC}") = "Example.EventDriven.DependencyInjection", "src\shared\Example.EventDriven.DependencyInjection\Example.EventDriven.DependencyInjection.csproj", "{80D923DC-EEBC-4AF8-B024-6DD5D9EDD7E1}"
EndProject
Project("{2150E333-8FDC-42A3-9474-1A3956D46DE8}") = "docker", "docker", "{48464CD4-64A1-4816-91BE-47E4827A30E9}"
	ProjectSection(SolutionItems) = preProject
		docker\docker-compose.yml = docker\docker-compose.yml
	EndProjectSection
EndProject
Global
	GlobalSection(SolutionConfigurationPlatforms) = preSolution
		Debug|Any CPU = Debug|Any CPU
		Release|Any CPU = Release|Any CPU
	EndGlobalSection
	GlobalSection(ProjectConfigurationPlatforms) = postSolution
		{DB77682E-A189-47D7-9ECE-3897818FF294}.Debug|Any CPU.ActiveCfg = Debug|Any CPU
		{DB77682E-A189-47D7-9ECE-3897818FF294}.Debug|Any CPU.Build.0 = Debug|Any CPU
		{DB77682E-A189-47D7-9ECE-3897818FF294}.Release|Any CPU.ActiveCfg = Release|Any CPU
		{DB77682E-A189-47D7-9ECE-3897818FF294}.Release|Any CPU.Build.0 = Release|Any CPU
		{80B1114C-0338-4FF5-BD54-0AA0C18CB26E}.Debug|Any CPU.ActiveCfg = Debug|Any CPU
		{80B1114C-0338-4FF5-BD54-0AA0C18CB26E}.Debug|Any CPU.Build.0 = Debug|Any CPU
		{80B1114C-0338-4FF5-BD54-0AA0C18CB26E}.Release|Any CPU.ActiveCfg = Release|Any CPU
		{80B1114C-0338-4FF5-BD54-0AA0C18CB26E}.Release|Any CPU.Build.0 = Release|Any CPU
		{C6357DB0-ABAC-48DC-A45B-28AE2FC1F3DD}.Debug|Any CPU.ActiveCfg = Debug|Any CPU
		{C6357DB0-ABAC-48DC-A45B-28AE2FC1F3DD}.Debug|Any CPU.Build.0 = Debug|Any CPU
		{C6357DB0-ABAC-48DC-A45B-28AE2FC1F3DD}.Release|Any CPU.ActiveCfg = Release|Any CPU
		{C6357DB0-ABAC-48DC-A45B-28AE2FC1F3DD}.Release|Any CPU.Build.0 = Release|Any CPU
		{72955FB0-396B-4BF6-A155-95550C2D36F5}.Debug|Any CPU.ActiveCfg = Debug|Any CPU
		{72955FB0-396B-4BF6-A155-95550C2D36F5}.Debug|Any CPU.Build.0 = Debug|Any CPU
		{72955FB0-396B-4BF6-A155-95550C2D36F5}.Release|Any CPU.ActiveCfg = Release|Any CPU
		{72955FB0-396B-4BF6-A155-95550C2D36F5}.Release|Any CPU.Build.0 = Release|Any CPU
		{13148F03-8221-4656-915E-69679D5CBB72}.Debug|Any CPU.ActiveCfg = Debug|Any CPU
		{13148F03-8221-4656-915E-69679D5CBB72}.Debug|Any CPU.Build.0 = Debug|Any CPU
		{13148F03-8221-4656-915E-69679D5CBB72}.Release|Any CPU.ActiveCfg = Release|Any CPU
		{13148F03-8221-4656-915E-69679D5CBB72}.Release|Any CPU.Build.0 = Release|Any CPU
		{B85747DE-4B41-4929-A8D5-3E73777632C3}.Debug|Any CPU.ActiveCfg = Debug|Any CPU
		{B85747DE-4B41-4929-A8D5-3E73777632C3}.Debug|Any CPU.Build.0 = Debug|Any CPU
		{B85747DE-4B41-4929-A8D5-3E73777632C3}.Release|Any CPU.ActiveCfg = Release|Any CPU
		{B85747DE-4B41-4929-A8D5-3E73777632C3}.Release|Any CPU.Build.0 = Release|Any CPU
		{5A1D5F8D-9149-4A1C-AEF3-25BAF7E1A440}.Debug|Any CPU.ActiveCfg = Debug|Any CPU
		{5A1D5F8D-9149-4A1C-AEF3-25BAF7E1A440}.Debug|Any CPU.Build.0 = Debug|Any CPU
		{5A1D5F8D-9149-4A1C-AEF3-25BAF7E1A440}.Release|Any CPU.ActiveCfg = Release|Any CPU
		{5A1D5F8D-9149-4A1C-AEF3-25BAF7E1A440}.Release|Any CPU.Build.0 = Release|Any CPU
		{B73BB126-7A49-43AA-BD4C-E30EF1517061}.Debug|Any CPU.ActiveCfg = Debug|Any CPU
		{B73BB126-7A49-43AA-BD4C-E30EF1517061}.Debug|Any CPU.Build.0 = Debug|Any CPU
		{B73BB126-7A49-43AA-BD4C-E30EF1517061}.Release|Any CPU.ActiveCfg = Release|Any CPU
		{B73BB126-7A49-43AA-BD4C-E30EF1517061}.Release|Any CPU.Build.0 = Release|Any CPU
		{80D923DC-EEBC-4AF8-B024-6DD5D9EDD7E1}.Debug|Any CPU.ActiveCfg = Debug|Any CPU
		{80D923DC-EEBC-4AF8-B024-6DD5D9EDD7E1}.Debug|Any CPU.Build.0 = Debug|Any CPU
		{80D923DC-EEBC-4AF8-B024-6DD5D9EDD7E1}.Release|Any CPU.ActiveCfg = Release|Any CPU
		{80D923DC-EEBC-4AF8-B024-6DD5D9EDD7E1}.Release|Any CPU.Build.0 = Release|Any CPU
	EndGlobalSection
	GlobalSection(SolutionProperties) = preSolution
		HideSolutionNode = FALSE
	EndGlobalSection
	GlobalSection(NestedProjects) = preSolution
		{DB77682E-A189-47D7-9ECE-3897818FF294} = {9455D96A-054D-46C0-AECC-27C10DF65793}
		{2F9C9426-92B8-4D3F-BC70-B4443D15C3DB} = {893FB165-4220-4B5D-BFBF-6085882017C8}
		{CB83423E-24B9-4F7B-95D1-45CAE095A222} = {893FB165-4220-4B5D-BFBF-6085882017C8}
		{24B5A3E2-AC70-4FBD-BBD4-CCA294DCCA07} = {893FB165-4220-4B5D-BFBF-6085882017C8}
		{80B1114C-0338-4FF5-BD54-0AA0C18CB26E} = {2F9C9426-92B8-4D3F-BC70-B4443D15C3DB}
		{C6357DB0-ABAC-48DC-A45B-28AE2FC1F3DD} = {CB83423E-24B9-4F7B-95D1-45CAE095A222}
		{72955FB0-396B-4BF6-A155-95550C2D36F5} = {CB83423E-24B9-4F7B-95D1-45CAE095A222}
		{13148F03-8221-4656-915E-69679D5CBB72} = {CB83423E-24B9-4F7B-95D1-45CAE095A222}
		{B85747DE-4B41-4929-A8D5-3E73777632C3} = {24B5A3E2-AC70-4FBD-BBD4-CCA294DCCA07}
		{5A1D5F8D-9149-4A1C-AEF3-25BAF7E1A440} = {24B5A3E2-AC70-4FBD-BBD4-CCA294DCCA07}
		{B73BB126-7A49-43AA-BD4C-E30EF1517061} = {9455D96A-054D-46C0-AECC-27C10DF65793}
		{80D923DC-EEBC-4AF8-B024-6DD5D9EDD7E1} = {CB83423E-24B9-4F7B-95D1-45CAE095A222}
	EndGlobalSection
	GlobalSection(ExtensibilityGlobals) = postSolution
		SolutionGuid = {EF930DF1-6ECD-4B04-BC27-35DC65A159F3}
	EndGlobalSection
EndGlobal
